
Microsoft Visual Studio Solution File, Format Version 11.00
# Visual Studio 2010
Project("{FAE04EC0-301F-11D3-BF4B-00C04F79EFBC}") = "ThatsTwinteresting", "Twinteresting\ThatsTwinteresting.csproj", "{6BE3FC7E-3287-464E-84BF-F7CC10343B61}"
EndProject
Project("{FAE04EC0-301F-11D3-BF4B-00C04F79EFBC}") = "TwitterQueryer", "TwitterQueryer\TwitterQueryer.csproj", "{1596F9EE-50C6-440F-96C9-F84C8E685202}"
EndProject
Project("{2150E333-8FDC-42A3-9474-1A3956D46DE8}") = "Solution Items", "Solution Items", "{DBEFA1B9-68BF-4528-997A-ED293518B254}"
	ProjectSection(SolutionItems) = preProject
		readme.md = readme.md
	EndProjectSection
EndProject
Project("{2150E333-8FDC-42A3-9474-1A3956D46DE8}") = ".nuget", ".nuget", "{990D6619-310F-41DC-A7B6-24E9958B8E2F}"
	ProjectSection(SolutionItems) = preProject
		.nuget\NuGet.Config = .nuget\NuGet.Config
		.nuget\NuGet.exe = .nuget\NuGet.exe
		.nuget\NuGet.targets = .nuget\NuGet.targets
	EndProjectSection
EndProject
Global
	GlobalSection(SolutionConfigurationPlatforms) = preSolution
		Debug|x86 = Debug|x86
		Release|x86 = Release|x86
	EndGlobalSection
	GlobalSection(ProjectConfigurationPlatforms) = postSolution
		{6BE3FC7E-3287-464E-84BF-F7CC10343B61}.Debug|x86.ActiveCfg = Debug|x86
		{6BE3FC7E-3287-464E-84BF-F7CC10343B61}.Debug|x86.Build.0 = Debug|x86
		{6BE3FC7E-3287-464E-84BF-F7CC10343B61}.Release|x86.ActiveCfg = Release|x86
		{6BE3FC7E-3287-464E-84BF-F7CC10343B61}.Release|x86.Build.0 = Release|x86
		{1596F9EE-50C6-440F-96C9-F84C8E685202}.Debug|x86.ActiveCfg = Debug|x86
		{1596F9EE-50C6-440F-96C9-F84C8E685202}.Debug|x86.Build.0 = Debug|x86
		{1596F9EE-50C6-440F-96C9-F84C8E685202}.Release|x86.ActiveCfg = Release|x86
		{1596F9EE-50C6-440F-96C9-F84C8E685202}.Release|x86.Build.0 = Release|x86
	EndGlobalSection
	GlobalSection(SolutionProperties) = preSolution
		HideSolutionNode = FALSE
	EndGlobalSection
EndGlobal
